// !$*UTF8*$!
{
	archiveVersion = 1;
	classes = {
	};
	objectVersion = 50;
	objects = {

/* Begin PBXBuildFile section */
		257278E822CDDEB900AC6456 /* AppDelegate.swift in Sources */ = {isa = PBXBuildFile; fileRef = 257278E722CDDEB900AC6456 /* AppDelegate.swift */; };
		257278EA22CDDEB900AC6456 /* ViewController.swift in Sources */ = {isa = PBXBuildFile; fileRef = 257278E922CDDEB900AC6456 /* ViewController.swift */; };
		257278ED22CDDEB900AC6456 /* Main.storyboard in Resources */ = {isa = PBXBuildFile; fileRef = 257278EB22CDDEB900AC6456 /* Main.storyboard */; };
		257278F022CDDEB900AC6456 /* cd_23_UITableView.xcdatamodeld in Sources */ = {isa = PBXBuildFile; fileRef = 257278EE22CDDEB900AC6456 /* cd_23_UITableView.xcdatamodeld */; };
		257278F222CDDEBA00AC6456 /* Assets.xcassets in Resources */ = {isa = PBXBuildFile; fileRef = 257278F122CDDEBA00AC6456 /* Assets.xcassets */; };
		257278F522CDDEBA00AC6456 /* LaunchScreen.storyboard in Resources */ = {isa = PBXBuildFile; fileRef = 257278F322CDDEBA00AC6456 /* LaunchScreen.storyboard */; };
		2572790022CDDEBB00AC6456 /* cd_23_UITableViewTests.swift in Sources */ = {isa = PBXBuildFile; fileRef = 257278FF22CDDEBB00AC6456 /* cd_23_UITableViewTests.swift */; };
		2572790B22CDDEBB00AC6456 /* cd_23_UITableViewUITests.swift in Sources */ = {isa = PBXBuildFile; fileRef = 2572790A22CDDEBB00AC6456 /* cd_23_UITableViewUITests.swift */; };
		2572791922CDE62700AC6456 /* TableViewCell.swift in Sources */ = {isa = PBXBuildFile; fileRef = 2572791822CDE62700AC6456 /* TableViewCell.swift */; };
		2572795B22CDFF8500AC6456 /* contact.swift in Sources */ = {isa = PBXBuildFile; fileRef = 2572795A22CDFF8500AC6456 /* contact.swift */; };
		2572795D22CE00A200AC6456 /* contactModel.swift in Sources */ = {isa = PBXBuildFile; fileRef = 2572795C22CE00A200AC6456 /* contactModel.swift */; };
/* End PBXBuildFile section */

/* Begin PBXContainerItemProxy section */
		257278FC22CDDEBB00AC6456 /* PBXContainerItemProxy */ = {
			isa = PBXContainerItemProxy;
			containerPortal = 257278DC22CDDEB900AC6456 /* Project object */;
			proxyType = 1;
			remoteGlobalIDString = 257278E322CDDEB900AC6456;
			remoteInfo = "cd 23 UITableView";
		};
		2572790722CDDEBB00AC6456 /* PBXContainerItemProxy */ = {
			isa = PBXContainerItemProxy;
			containerPortal = 257278DC22CDDEB900AC6456 /* Project object */;
			proxyType = 1;
			remoteGlobalIDString = 257278E322CDDEB900AC6456;
			remoteInfo = "cd 23 UITableView";
		};
/* End PBXContainerItemProxy section */

/* Begin PBXFileReference section */
		257278E422CDDEB900AC6456 /* cd 23 UITableView.app */ = {isa = PBXFileReference; explicitFileType = wrapper.application; includeInIndex = 0; path = "cd 23 UITableView.app"; sourceTree = BUILT_PRODUCTS_DIR; };
		257278E722CDDEB900AC6456 /* AppDelegate.swift */ = {isa = PBXFileReference; lastKnownFileType = sourcecode.swift; path = AppDelegate.swift; sourceTree = "<group>"; };
		257278E922CDDEB900AC6456 /* ViewController.swift */ = {isa = PBXFileReference; lastKnownFileType = sourcecode.swift; path = ViewController.swift; sourceTree = "<group>"; };
		257278EC22CDDEB900AC6456 /* Base */ = {isa = PBXFileReference; lastKnownFileType = file.storyboard; name = Base; path = Base.lproj/Main.storyboard; sourceTree = "<group>"; };
		257278EF22CDDEB900AC6456 /* cd_23_UITableView.xcdatamodel */ = {isa = PBXFileReference; lastKnownFileType = wrapper.xcdatamodel; path = cd_23_UITableView.xcdatamodel; sourceTree = "<group>"; };
		257278F122CDDEBA00AC6456 /* Assets.xcassets */ = {isa = PBXFileReference; lastKnownFileType = folder.assetcatalog; path = Assets.xcassets; sourceTree = "<group>"; };
		257278F422CDDEBA00AC6456 /* Base */ = {isa = PBXFileReference; lastKnownFileType = file.storyboard; name = Base; path = Base.lproj/LaunchScreen.storyboard; sourceTree = "<group>"; };
		257278F622CDDEBA00AC6456 /* Info.plist */ = {isa = PBXFileReference; lastKnownFileType = text.plist.xml; path = Info.plist; sourceTree = "<group>"; };
		257278FB22CDDEBB00AC6456 /* cd 23 UITableViewTests.xctest */ = {isa = PBXFileReference; explicitFileType = wrapper.cfbundle; includeInIndex = 0; path = "cd 23 UITableViewTests.xctest"; sourceTree = BUILT_PRODUCTS_DIR; };
		257278FF22CDDEBB00AC6456 /* cd_23_UITableViewTests.swift */ = {isa = PBXFileReference; lastKnownFileType = sourcecode.swift; path = cd_23_UITableViewTests.swift; sourceTree = "<group>"; };
		2572790122CDDEBB00AC6456 /* Info.plist */ = {isa = PBXFileReference; lastKnownFileType = text.plist.xml; path = Info.plist; sourceTree = "<group>"; };
		2572790622CDDEBB00AC6456 /* cd 23 UITableViewUITests.xctest */ = {isa = PBXFileReference; explicitFileType = wrapper.cfbundle; includeInIndex = 0; path = "cd 23 UITableViewUITests.xctest"; sourceTree = BUILT_PRODUCTS_DIR; };
		2572790A22CDDEBB00AC6456 /* cd_23_UITableViewUITests.swift */ = {isa = PBXFileReference; lastKnownFileType = sourcecode.swift; path = cd_23_UITableViewUITests.swift; sourceTree = "<group>"; };
		2572790C22CDDEBB00AC6456 /* Info.plist */ = {isa = PBXFileReference; lastKnownFileType = text.plist.xml; path = Info.plist; sourceTree = "<group>"; };
		2572791822CDE62700AC6456 /* TableViewCell.swift */ = {isa = PBXFileReference; lastKnownFileType = sourcecode.swift; path = TableViewCell.swift; sourceTree = "<group>"; };
		2572795A22CDFF8500AC6456 /* contact.swift */ = {isa = PBXFileReference; lastKnownFileType = sourcecode.swift; path = contact.swift; sourceTree = "<group>"; };
		2572795C22CE00A200AC6456 /* contactModel.swift */ = {isa = PBXFileReference; lastKnownFileType = sourcecode.swift; path = contactModel.swift; sourceTree = "<group>"; };
/* End PBXFileReference section */

/* Begin PBXFrameworksBuildPhase section */
		257278E122CDDEB900AC6456 /* Frameworks */ = {
			isa = PBXFrameworksBuildPhase;
			buildActionMask = 2147483647;
			files = (
			);
			runOnlyForDeploymentPostprocessing = 0;
		};
		257278F822CDDEBB00AC6456 /* Frameworks */ = {
			isa = PBXFrameworksBuildPhase;
			buildActionMask = 2147483647;
			files = (
			);
			runOnlyForDeploymentPostprocessing = 0;
		};
		2572790322CDDEBB00AC6456 /* Frameworks */ = {
			isa = PBXFrameworksBuildPhase;
			buildActionMask = 2147483647;
			files = (
			);
			runOnlyForDeploymentPostprocessing = 0;
		};
/* End PBXFrameworksBuildPhase section */

/* Begin PBXGroup section */
		257278DB22CDDEB900AC6456 = {
			isa = PBXGroup;
			children = (
				257278E622CDDEB900AC6456 /* cd 23 UITableView */,
				257278FE22CDDEBB00AC6456 /* cd 23 UITableViewTests */,
				2572790922CDDEBB00AC6456 /* cd 23 UITableViewUITests */,
				257278E522CDDEB900AC6456 /* Products */,
			);
			sourceTree = "<group>";
		};
		257278E522CDDEB900AC6456 /* Products */ = {
			isa = PBXGroup;
			children = (
				257278E422CDDEB900AC6456 /* cd 23 UITableView.app */,
				257278FB22CDDEBB00AC6456 /* cd 23 UITableViewTests.xctest */,
				2572790622CDDEBB00AC6456 /* cd 23 UITableViewUITests.xctest */,
			);
			name = Products;
			sourceTree = "<group>";
		};
		257278E622CDDEB900AC6456 /* cd 23 UITableView */ = {
			isa = PBXGroup;
			children = (
				2572795922CDFEF900AC6456 /* Controller */,
				2572795822CDFEEB00AC6456 /* view */,
				2572795722CDFEB300AC6456 /* Model */,
				257278E722CDDEB900AC6456 /* AppDelegate.swift */,
				257278F122CDDEBA00AC6456 /* Assets.xcassets */,
				257278F622CDDEBA00AC6456 /* Info.plist */,
				257278EE22CDDEB900AC6456 /* cd_23_UITableView.xcdatamodeld */,
			);
			path = "cd 23 UITableView";
			sourceTree = "<group>";
		};
		257278FE22CDDEBB00AC6456 /* cd 23 UITableViewTests */ = {
			isa = PBXGroup;
			children = (
				257278FF22CDDEBB00AC6456 /* cd_23_UITableViewTests.swift */,
				2572790122CDDEBB00AC6456 /* Info.plist */,
			);
			path = "cd 23 UITableViewTests";
			sourceTree = "<group>";
		};
		2572790922CDDEBB00AC6456 /* cd 23 UITableViewUITests */ = {
			isa = PBXGroup;
			children = (
				2572790A22CDDEBB00AC6456 /* cd_23_UITableViewUITests.swift */,
				2572790C22CDDEBB00AC6456 /* Info.plist */,
			);
			path = "cd 23 UITableViewUITests";
			sourceTree = "<group>";
		};
		2572795722CDFEB300AC6456 /* Model */ = {
			isa = PBXGroup;
			children = (
				2572795A22CDFF8500AC6456 /* contact.swift */,
				2572795C22CE00A200AC6456 /* contactModel.swift */,
			);
			path = Model;
			sourceTree = "<group>";
		};
		2572795822CDFEEB00AC6456 /* view */ = {
			isa = PBXGroup;
			children = (
				257278EB22CDDEB900AC6456 /* Main.storyboard */,
				2572791822CDE62700AC6456 /* TableViewCell.swift */,
				257278F322CDDEBA00AC6456 /* LaunchScreen.storyboard */,
			);
			path = view;
			sourceTree = "<group>";
		};
		2572795922CDFEF900AC6456 /* Controller */ = {
			isa = PBXGroup;
			children = (
				257278E922CDDEB900AC6456 /* ViewController.swift */,
			);
			path = Controller;
			sourceTree = "<group>";
		};
/* End PBXGroup section */

/* Begin PBXNativeTarget section */
		257278E322CDDEB900AC6456 /* cd 23 UITableView */ = {
			isa = PBXNativeTarget;
			buildConfigurationList = 2572790F22CDDEBB00AC6456 /* Build configuration list for PBXNativeTarget "cd 23 UITableView" */;
			buildPhases = (
				257278E022CDDEB900AC6456 /* Sources */,
				257278E122CDDEB900AC6456 /* Frameworks */,
				257278E222CDDEB900AC6456 /* Resources */,
			);
			buildRules = (
			);
			dependencies = (
			);
			name = "cd 23 UITableView";
			productName = "cd 23 UITableView";
			productReference = 257278E422CDDEB900AC6456 /* cd 23 UITableView.app */;
			productType = "com.apple.product-type.application";
		};
		257278FA22CDDEBB00AC6456 /* cd 23 UITableViewTests */ = {
			isa = PBXNativeTarget;
			buildConfigurationList = 2572791222CDDEBB00AC6456 /* Build configuration list for PBXNativeTarget "cd 23 UITableViewTests" */;
			buildPhases = (
				257278F722CDDEBB00AC6456 /* Sources */,
				257278F822CDDEBB00AC6456 /* Frameworks */,
				257278F922CDDEBB00AC6456 /* Resources */,
			);
			buildRules = (
			);
			dependencies = (
				257278FD22CDDEBB00AC6456 /* PBXTargetDependency */,
			);
			name = "cd 23 UITableViewTests";
			productName = "cd 23 UITableViewTests";
			productReference = 257278FB22CDDEBB00AC6456 /* cd 23 UITableViewTests.xctest */;
			productType = "com.apple.product-type.bundle.unit-test";
		};
		2572790522CDDEBB00AC6456 /* cd 23 UITableViewUITests */ = {
			isa = PBXNativeTarget;
			buildConfigurationList = 2572791522CDDEBB00AC6456 /* Build configuration list for PBXNativeTarget "cd 23 UITableViewUITests" */;
			buildPhases = (
				2572790222CDDEBB00AC6456 /* Sources */,
				2572790322CDDEBB00AC6456 /* Frameworks */,
				2572790422CDDEBB00AC6456 /* Resources */,
			);
			buildRules = (
			);
			dependencies = (
				2572790822CDDEBB00AC6456 /* PBXTargetDependency */,
			);
			name = "cd 23 UITableViewUITests";
			productName = "cd 23 UITableViewUITests";
			productReference = 2572790622CDDEBB00AC6456 /* cd 23 UITableViewUITests.xctest */;
			productType = "com.apple.product-type.bundle.ui-testing";
		};
/* End PBXNativeTarget section */

/* Begin PBXProject section */
		257278DC22CDDEB900AC6456 /* Project object */ = {
			isa = PBXProject;
			attributes = {
				LastSwiftUpdateCheck = 1020;
				LastUpgradeCheck = 1020;
				ORGANIZATIONNAME = "Budi Mulyawan";
				TargetAttributes = {
					257278E322CDDEB900AC6456 = {
						CreatedOnToolsVersion = 10.2;
					};
					257278FA22CDDEBB00AC6456 = {
						CreatedOnToolsVersion = 10.2;
						TestTargetID = 257278E322CDDEB900AC6456;
					};
					2572790522CDDEBB00AC6456 = {
						CreatedOnToolsVersion = 10.2;
						TestTargetID = 257278E322CDDEB900AC6456;
					};
				};
			};
			buildConfigurationList = 257278DF22CDDEB900AC6456 /* Build configuration list for PBXProject "cd 23 UITableView" */;
			compatibilityVersion = "Xcode 9.3";
			developmentRegion = en;
			hasScannedForEncodings = 0;
			knownRegions = (
				en,
				Base,
			);
			mainGroup = 257278DB22CDDEB900AC6456;
			productRefGroup = 257278E522CDDEB900AC6456 /* Products */;
			projectDirPath = "";
			projectRoot = "";
			targets = (
				257278E322CDDEB900AC6456 /* cd 23 UITableView */,
				257278FA22CDDEBB00AC6456 /* cd 23 UITableViewTests */,
				2572790522CDDEBB00AC6456 /* cd 23 UITableViewUITests */,
			);
		};
/* End PBXProject section */

/* Begin PBXResourcesBuildPhase section */
		257278E222CDDEB900AC6456 /* Resources */ = {
			isa = PBXResourcesBuildPhase;
			buildActionMask = 2147483647;
			files = (
				257278F522CDDEBA00AC6456 /* LaunchScreen.storyboard in Resources */,
				257278F222CDDEBA00AC6456 /* Assets.xcassets in Resources */,
				257278ED22CDDEB900AC6456 /* Main.storyboard in Resources */,
			);
			runOnlyForDeploymentPostprocessing = 0;
		};
		257278F922CDDEBB00AC6456 /* Resources */ = {
			isa = PBXResourcesBuildPhase;
			buildActionMask = 2147483647;
			files = (
			);
			runOnlyForDeploymentPostprocessing = 0;
		};
		2572790422CDDEBB00AC6456 /* Resources */ = {
			isa = PBXResourcesBuildPhase;
			buildActionMask = 2147483647;
			files = (
			);
			runOnlyForDeploymentPostprocessing = 0;
		};
/* End PBXResourcesBuildPhase section */

/* Begin PBXSourcesBuildPhase section */
		257278E022CDDEB900AC6456 /* Sources */ = {
			isa = PBXSourcesBuildPhase;
			buildActionMask = 2147483647;
			files = (
				257278F022CDDEB900AC6456 /* cd_23_UITableView.xcdatamodeld in Sources */,
				2572791922CDE62700AC6456 /* TableViewCell.swift in Sources */,
				2572795D22CE00A200AC6456 /* contactModel.swift in Sources */,
				257278EA22CDDEB900AC6456 /* ViewController.swift in Sources */,
				2572795B22CDFF8500AC6456 /* contact.swift in Sources */,
				257278E822CDDEB900AC6456 /* AppDelegate.swift in Sources */,
			);
			runOnlyForDeploymentPostprocessing = 0;
		};
		257278F722CDDEBB00AC6456 /* Sources */ = {
			isa = PBXSourcesBuildPhase;
			buildActionMask = 2147483647;
			files = (
				2572790022CDDEBB00AC6456 /* cd_23_UITableViewTests.swift in Sources */,
			);
			runOnlyForDeploymentPostprocessing = 0;
		};
		2572790222CDDEBB00AC6456 /* Sources */ = {
			isa = PBXSourcesBuildPhase;
			buildActionMask = 2147483647;
			files = (
				2572790B22CDDEBB00AC6456 /* cd_23_UITableViewUITests.swift in Sources */,
			);
			runOnlyForDeploymentPostprocessing = 0;
		};
/* End PBXSourcesBuildPhase section */

/* Begin PBXTargetDependency section */
		257278FD22CDDEBB00AC6456 /* PBXTargetDependency */ = {
			isa = PBXTargetDependency;
			target = 257278E322CDDEB900AC6456 /* cd 23 UITableView */;
			targetProxy = 257278FC22CDDEBB00AC6456 /* PBXContainerItemProxy */;
		};
		2572790822CDDEBB00AC6456 /* PBXTargetDependency */ = {
			isa = PBXTargetDependency;
			target = 257278E322CDDEB900AC6456 /* cd 23 UITableView */;
			targetProxy = 2572790722CDDEBB00AC6456 /* PBXContainerItemProxy */;
		};
/* End PBXTargetDependency section */

/* Begin PBXVariantGroup section */
		257278EB22CDDEB900AC6456 /* Main.storyboard */ = {
			isa = PBXVariantGroup;
			children = (
				257278EC22CDDEB900AC6456 /* Base */,
			);
			name = Main.storyboard;
			sourceTree = "<group>";
		};
		257278F322CDDEBA00AC6456 /* LaunchScreen.storyboard */ = {
			isa = PBXVariantGroup;
			children = (
				257278F422CDDEBA00AC6456 /* Base */,
			);
			name = LaunchScreen.storyboard;
			sourceTree = "<group>";
		};
/* End PBXVariantGroup section */

/* Begin XCBuildConfiguration section */
		2572790D22CDDEBB00AC6456 /* Debug */ = {
			isa = XCBuildConfiguration;
			buildSettings = {
				ALWAYS_SEARCH_USER_PATHS = NO;
				CLANG_ANALYZER_NONNULL = YES;
				CLANG_ANALYZER_NUMBER_OBJECT_CONVERSION = YES_AGGRESSIVE;
				CLANG_CXX_LANGUAGE_STANDARD = "gnu++14";
				CLANG_CXX_LIBRARY = "libc++";
				CLANG_ENABLE_MODULES = YES;
				CLANG_ENABLE_OBJC_ARC = YES;
				CLANG_ENABLE_OBJC_WEAK = YES;
				CLANG_WARN_BLOCK_CAPTURE_AUTORELEASING = YES;
				CLANG_WARN_BOOL_CONVERSION = YES;
				CLANG_WARN_COMMA = YES;
				CLANG_WARN_CONSTANT_CONVERSION = YES;
				CLANG_WARN_DEPRECATED_OBJC_IMPLEMENTATIONS = YES;
				CLANG_WARN_DIRECT_OBJC_ISA_USAGE = YES_ERROR;
				CLANG_WARN_DOCUMENTATION_COMMENTS = YES;
				CLANG_WARN_EMPTY_BODY = YES;
				CLANG_WARN_ENUM_CONVERSION = YES;
				CLANG_WARN_INFINITE_RECURSION = YES;
				CLANG_WARN_INT_CONVERSION = YES;
				CLANG_WARN_NON_LITERAL_NULL_CONVERSION = YES;
				CLANG_WARN_OBJC_IMPLICIT_RETAIN_SELF = YES;
				CLANG_WARN_OBJC_LITERAL_CONVERSION = YES;
				CLANG_WARN_OBJC_ROOT_CLASS = YES_ERROR;
				CLANG_WARN_RANGE_LOOP_ANALYSIS = YES;
				CLANG_WARN_STRICT_PROTOTYPES = YES;
				CLANG_WARN_SUSPICIOUS_MOVE = YES;
				CLANG_WARN_UNGUARDED_AVAILABILITY = YES_AGGRESSIVE;
				CLANG_WARN_UNREACHABLE_CODE = YES;
				CLANG_WARN__DUPLICATE_METHOD_MATCH = YES;
				CODE_SIGN_IDENTITY = "iPhone Developer";
				COPY_PHASE_STRIP = NO;
				DEBUG_INFORMATION_FORMAT = dwarf;
				ENABLE_STRICT_OBJC_MSGSEND = YES;
				ENABLE_TESTABILITY = YES;
				GCC_C_LANGUAGE_STANDARD = gnu11;
				GCC_DYNAMIC_NO_PIC = NO;
				GCC_NO_COMMON_BLOCKS = YES;
				GCC_OPTIMIZATION_LEVEL = 0;
				GCC_PREPROCESSOR_DEFINITIONS = (
					"DEBUG=1",
					"$(inherited)",
				);
				GCC_WARN_64_TO_32_BIT_CONVERSION = YES;
				GCC_WARN_ABOUT_RETURN_TYPE = YES_ERROR;
				GCC_WARN_UNDECLARED_SELECTOR = YES;
				GCC_WARN_UNINITIALIZED_AUTOS = YES_AGGRESSIVE;
				GCC_WARN_UNUSED_FUNCTION = YES;
				GCC_WARN_UNUSED_VARIABLE = YES;
				IPHONEOS_DEPLOYMENT_TARGET = 12.2;
				MTL_ENABLE_DEBUG_INFO = INCLUDE_SOURCE;
				MTL_FAST_MATH = YES;
				ONLY_ACTIVE_ARCH = YES;
				SDKROOT = iphoneos;
				SWIFT_ACTIVE_COMPILATION_CONDITIONS = DEBUG;
				SWIFT_OPTIMIZATION_LEVEL = "-Onone";
			};
			name = Debug;
		};
		2572790E22CDDEBB00AC6456 /* Release */ = {
			isa = XCBuildConfiguration;
			buildSettings = {
				ALWAYS_SEARCH_USER_PATHS = NO;
				CLANG_ANALYZER_NONNULL = YES;
				CLANG_ANALYZER_NUMBER_OBJECT_CONVERSION = YES_AGGRESSIVE;
				CLANG_CXX_LANGUAGE_STANDARD = "gnu++14";
				CLANG_CXX_LIBRARY = "libc++";
				CLANG_ENABLE_MODULES = YES;
				CLANG_ENABLE_OBJC_ARC = YES;
				CLANG_ENABLE_OBJC_WEAK = YES;
				CLANG_WARN_BLOCK_CAPTURE_AUTORELEASING = YES;
				CLANG_WARN_BOOL_CONVERSION = YES;
				CLANG_WARN_COMMA = YES;
				CLANG_WARN_CONSTANT_CONVERSION = YES;
				CLANG_WARN_DEPRECATED_OBJC_IMPLEMENTATIONS = YES;
				CLANG_WARN_DIRECT_OBJC_ISA_USAGE = YES_ERROR;
				CLANG_WARN_DOCUMENTATION_COMMENTS = YES;
				CLANG_WARN_EMPTY_BODY = YES;
				CLANG_WARN_ENUM_CONVERSION = YES;
				CLANG_WARN_INFINITE_RECURSION = YES;
				CLANG_WARN_INT_CONVERSION = YES;
				CLANG_WARN_NON_LITERAL_NULL_CONVERSION = YES;
				CLANG_WARN_OBJC_IMPLICIT_RETAIN_SELF = YES;
				CLANG_WARN_OBJC_LITERAL_CONVERSION = YES;
				CLANG_WARN_OBJC_ROOT_CLASS = YES_ERROR;
				CLANG_WARN_RANGE_LOOP_ANALYSIS = YES;
				CLANG_WARN_STRICT_PROTOTYPES = YES;
				CLANG_WARN_SUSPICIOUS_MOVE = YES;
				CLANG_WARN_UNGUARDED_AVAILABILITY = YES_AGGRESSIVE;
				CLANG_WARN_UNREACHABLE_CODE = YES;
				CLANG_WARN__DUPLICATE_METHOD_MATCH = YES;
				CODE_SIGN_IDENTITY = "iPhone Developer";
				COPY_PHASE_STRIP = NO;
				DEBUG_INFORMATION_FORMAT = "dwarf-with-dsym";
				ENABLE_NS_ASSERTIONS = NO;
				ENABLE_STRICT_OBJC_MSGSEND = YES;
				GCC_C_LANGUAGE_STANDARD = gnu11;
				GCC_NO_COMMON_BLOCKS = YES;
				GCC_WARN_64_TO_32_BIT_CONVERSION = YES;
				GCC_WARN_ABOUT_RETURN_TYPE = YES_ERROR;
				GCC_WARN_UNDECLARED_SELECTOR = YES;
				GCC_WARN_UNINITIALIZED_AUTOS = YES_AGGRESSIVE;
				GCC_WARN_UNUSED_FUNCTION = YES;
				GCC_WARN_UNUSED_VARIABLE = YES;
				IPHONEOS_DEPLOYMENT_TARGET = 12.2;
				MTL_ENABLE_DEBUG_INFO = NO;
				MTL_FAST_MATH = YES;
				SDKROOT = iphoneos;
				SWIFT_COMPILATION_MODE = wholemodule;
				SWIFT_OPTIMIZATION_LEVEL = "-O";
				VALIDATE_PRODUCT = YES;
			};
			name = Release;
		};
		2572791022CDDEBB00AC6456 /* Debug */ = {
			isa = XCBuildConfiguration;
			buildSettings = {
				ASSETCATALOG_COMPILER_APPICON_NAME = AppIcon;
				CODE_SIGN_STYLE = Automatic;
				DEVELOPMENT_TEAM = 34B876TXLU;
				INFOPLIST_FILE = "cd 23 UITableView/Info.plist";
				LD_RUNPATH_SEARCH_PATHS = (
					"$(inherited)",
					"@executable_path/Frameworks",
				);
				PRODUCT_BUNDLE_IDENTIFIER = "Apple-Developer-Academy.cd-23-UITableView";
				PRODUCT_NAME = "$(TARGET_NAME)";
				SWIFT_VERSION = 5.0;
				TARGETED_DEVICE_FAMILY = "1,2";
			};
			name = Debug;
		};
		2572791122CDDEBB00AC6456 /* Release */ = {
			isa = XCBuildConfiguration;
			buildSettings = {
				ASSETCATALOG_COMPILER_APPICON_NAME = AppIcon;
				CODE_SIGN_STYLE = Automatic;
				DEVELOPMENT_TEAM = 34B876TXLU;
				INFOPLIST_FILE = "cd 23 UITableView/Info.plist";
				LD_RUNPATH_SEARCH_PATHS = (
					"$(inherited)",
					"@executable_path/Frameworks",
				);
				PRODUCT_BUNDLE_IDENTIFIER = "Apple-Developer-Academy.cd-23-UITableView";
				PRODUCT_NAME = "$(TARGET_NAME)";
				SWIFT_VERSION = 5.0;
				TARGETED_DEVICE_FAMILY = "1,2";
			};
			name = Release;
		};
		2572791322CDDEBB00AC6456 /* Debug */ = {
			isa = XCBuildConfiguration;
			buildSettings = {
				ALWAYS_EMBED_SWIFT_STANDARD_LIBRARIES = YES;
				BUNDLE_LOADER = "$(TEST_HOST)";
				CODE_SIGN_STYLE = Automatic;
				INFOPLIST_FILE = "cd 23 UITableViewTests/Info.plist";
				LD_RUNPATH_SEARCH_PATHS = (
					"$(inherited)",
					"@executable_path/Frameworks",
					"@loader_path/Frameworks",
				);
				PRODUCT_BUNDLE_IDENTIFIER = "Apple-Developer-Academy.cd-23-UITableViewTests";
				PRODUCT_NAME = "$(TARGET_NAME)";
				SWIFT_VERSION = 5.0;
				TARGETED_DEVICE_FAMILY = "1,2";
				TEST_HOST = "$(BUILT_PRODUCTS_DIR)/cd 23 UITableView.app/cd 23 UITableView";
			};
			name = Debug;
		};
		2572791422CDDEBB00AC6456 /* Release */ = {
			isa = XCBuildConfiguration;
			buildSettings = {
				ALWAYS_EMBED_SWIFT_STANDARD_LIBRARIES = YES;
				BUNDLE_LOADER = "$(TEST_HOST)";
				CODE_SIGN_STYLE = Automatic;
				INFOPLIST_FILE = "cd 23 UITableViewTests/Info.plist";
				LD_RUNPATH_SEARCH_PATHS = (
					"$(inherited)",
					"@executable_path/Frameworks",
					"@loader_path/Frameworks",
				);
				PRODUCT_BUNDLE_IDENTIFIER = "Apple-Developer-Academy.cd-23-UITableViewTests";
				PRODUCT_NAME = "$(TARGET_NAME)";
				SWIFT_VERSION = 5.0;
				TARGETED_DEVICE_FAMILY = "1,2";
				TEST_HOST = "$(BUILT_PRODUCTS_DIR)/cd 23 UITableView.app/cd 23 UITableView";
			};
			name = Release;
		};
		2572791622CDDEBB00AC6456 /* Debug */ = {
			isa = XCBuildConfiguration;
			buildSettings = {
				ALWAYS_EMBED_SWIFT_STANDARD_LIBRARIES = YES;
				CODE_SIGN_STYLE = Automatic;
				INFOPLIST_FILE = "cd 23 UITableViewUITests/Info.plist";
				LD_RUNPATH_SEARCH_PATHS = (
					"$(inherited)",
					"@executable_path/Frameworks",
					"@loader_path/Frameworks",
				);
				PRODUCT_BUNDLE_IDENTIFIER = "Apple-Developer-Academy.cd-23-UITableViewUITests";
				PRODUCT_NAME = "$(TARGET_NAME)";
				SWIFT_VERSION = 5.0;
				TARGETED_DEVICE_FAMILY = "1,2";
				TEST_TARGET_NAME = "cd 23 UITableView";
			};
			name = Debug;
		};
		2572791722CDDEBB00AC6456 /* Release */ = {
			isa = XCBuildConfiguration;
			buildSettings = {
				ALWAYS_EMBED_SWIFT_STANDARD_LIBRARIES = YES;
				CODE_SIGN_STYLE = Automatic;
				INFOPLIST_FILE = "cd 23 UITableViewUITests/Info.plist";
				LD_RUNPATH_SEARCH_PATHS = (
					"$(inherited)",
					"@executable_path/Frameworks",
					"@loader_path/Frameworks",
				);
				PRODUCT_BUNDLE_IDENTIFIER = "Apple-Developer-Academy.cd-23-UITableViewUITests";
				PRODUCT_NAME = "$(TARGET_NAME)";
				SWIFT_VERSION = 5.0;
				TARGETED_DEVICE_FAMILY = "1,2";
				TEST_TARGET_NAME = "cd 23 UITableView";
			};
			name = Release;
		};
/* End XCBuildConfiguration section */

/* Begin XCConfigurationList section */
		257278DF22CDDEB900AC6456 /* Build configuration list for PBXProject "cd 23 UITableView" */ = {
			isa = XCConfigurationList;
			buildConfigurations = (
				2572790D22CDDEBB00AC6456 /* Debug */,
				2572790E22CDDEBB00AC6456 /* Release */,
			);
			defaultConfigurationIsVisible = 0;
			defaultConfigurationName = Release;
		};
		2572790F22CDDEBB00AC6456 /* Build configuration list for PBXNativeTarget "cd 23 UITableView" */ = {
			isa = XCConfigurationList;
			buildConfigurations = (
				2572791022CDDEBB00AC6456 /* Debug */,
				2572791122CDDEBB00AC6456 /* Release */,
			);
			defaultConfigurationIsVisible = 0;
			defaultConfigurationName = Release;
		};
		2572791222CDDEBB00AC6456 /* Build configuration list for PBXNativeTarget "cd 23 UITableViewTests" */ = {
			isa = XCConfigurationList;
			buildConfigurations = (
				2572791322CDDEBB00AC6456 /* Debug */,
				2572791422CDDEBB00AC6456 /* Release */,
			);
			defaultConfigurationIsVisible = 0;
			defaultConfigurationName = Release;
		};
		2572791522CDDEBB00AC6456 /* Build configuration list for PBXNativeTarget "cd 23 UITableViewUITests" */ = {
			isa = XCConfigurationList;
			buildConfigurations = (
				2572791622CDDEBB00AC6456 /* Debug */,
				2572791722CDDEBB00AC6456 /* Release */,
			);
			defaultConfigurationIsVisible = 0;
			defaultConfigurationName = Release;
		};
/* End XCConfigurationList section */

/* Begin XCVersionGroup section */
		257278EE22CDDEB900AC6456 /* cd_23_UITableView.xcdatamodeld */ = {
			isa = XCVersionGroup;
			children = (
				257278EF22CDDEB900AC6456 /* cd_23_UITableView.xcdatamodel */,
			);
			currentVersion = 257278EF22CDDEB900AC6456 /* cd_23_UITableView.xcdatamodel */;
			path = cd_23_UITableView.xcdatamodeld;
			sourceTree = "<group>";
			versionGroupType = wrapper.xcdatamodel;
		};
/* End XCVersionGroup section */
	};
	rootObject = 257278DC22CDDEB900AC6456 /* Project object */;
}
